
Microsoft Visual Studio Solution File, Format Version 12.00
# Visual Studio Version 17
VisualStudioVersion = 17.3.32901.215
MinimumVisualStudioVersion = 10.0.40219.1
Project("{FAE04EC0-301F-11D3-BF4B-00C04F79EFBC}") = "ConsoleAppTest", "ConsoleAppTest\ConsoleAppTest.csproj", "{FFF8B24C-49AA-4573-AB8A-D52D6CCE3BC6}"
EndProject
Global
	GlobalSection(SolutionConfigurationPlatforms) = preSolution
		Debug|Any CPU = Debug|Any CPU
		Release|Any CPU = Release|Any CPU
	EndGlobalSection
	GlobalSection(ProjectConfigurationPlatforms) = postSolution
		{FFF8B24C-49AA-4573-AB8A-D52D6CCE3BC6}.Debug|Any CPU.ActiveCfg = Debug|Any CPU
		{FFF8B24C-49AA-4573-AB8A-D52D6CCE3BC6}.Debug|Any CPU.Build.0 = Debug|Any CPU
		{FFF8B24C-49AA-4573-AB8A-D52D6CCE3BC6}.Release|Any CPU.ActiveCfg = Release|Any CPU
		{FFF8B24C-49AA-4573-AB8A-D52D6CCE3BC6}.Release|Any CPU.Build.0 = Release|Any CPU
	EndGlobalSection
	GlobalSection(SolutionProperties) = preSolution
		HideSolutionNode = FALSE
	EndGlobalSection
	GlobalSection(ExtensibilityGlobals) = postSolution
		SolutionGuid = {307666CC-E50D-4A62-A102-61B41CF3DD0B}
	EndGlobalSection
EndGlobal
